{
  "name": "validation-br-example-indicative",
  "lockfileVersion": 3,
  "requires": true,
  "packages": {
    "": {
      "name": "validation-br-example-indicative",
      "dependencies": {
        "indicative": "^7.4.4",
        "validation-br": "file:../.."
      }
    },
    "../..": {
      "version": "2.0.0-next-10",
      "license": "MIT",
      "devDependencies": {
        "@eslint/js": "^10.0.1",
        "@types/node": "^22.20.2",
        "@vitest/coverage-v8": "^5.0.0",
        "eslint": "^10.10.0",
        "globals": "^17.12.0",
        "ts-node": "^9.0.0",
        "typescript": "^5.6.2",
        "typescript-eslint": "^8.70.0",
        "vitest": "^5.0.0"
      }
    },
    "node_modules/@slynova/slug": {
      "version": "1.1.2",
      "resolved": "https://registry.npmjs.org/@slynova/slug/-/slug-1.1.2.tgz",
      "integrity": "sha512-lFJRP4rqRxqxMjEnIih84jvQC6Xc4a3Yi0Z3gbemWOJX60HBBqEFfFrudmYYA+ga46b6Gxv7ofguZ9+ghl1EMg==",
      "license": "MIT",
      "dependencies": {
        "charmap": "^1.1.6",
        "lodash.kebabcase": "^4.1.1"
      }
    },
    "node_modules/charmap": {
      "version": "1.1.6",
      "resolved": "https://registry.npmjs.org/charmap/-/charmap-1.1.6.tgz",
      "integrity": "sha512-BfgDyIZOETYrvthjHHLY44S3s21o/VRZoLBSbJbbMs/k2XluBvdayklV4BBs4tB0MgiUgAPRWoOkYeBLk58R1w==",
      "license": "MIT",
      "dependencies": {
        "es6-object-assign": "^1.1.0"
      }
    },
    "node_modules/date-fns": {
      "version": "1.30.1",
      "resolved": "https://registry.npmjs.org/date-fns/-/date-fns-1.30.1.tgz",
      "integrity": "sha512-hBSVCvSmWC+QypYObzwGOd9wqdDpOt+0wl0KbU+R+uuZBS1jN8VsD1ss3irQDknRj5NvxiTF6oj/nDRnN/UQNw==",
      "license": "MIT"
    },
    "node_modules/es6-object-assign": {
      "version": "1.1.0",
      "resolved": "https://registry.npmjs.org/es6-object-assign/-/es6-object-assign-1.1.0.tgz",
      "integrity": "sha512-MEl9uirslVwqQU369iHNWZXsI8yaZYGg/D65aOgZkeyFJwHYSxilf7rQzXKI7DdDuBPrBXbfk3sl9hJhmd5AUw==",
      "license": "MIT"
    },
    "node_modules/haye": {
      "version": "2.0.2",
      "resolved": "https://registry.npmjs.org/haye/-/haye-2.0.2.tgz",
      "integrity": "sha512-C+jeFipAuwLLmQziwQrXuHzUIihDzqoLpCpwDWYFQVCIyqi5ZvC+4YtzawPTmd1tIKo0ULf+4P0Mw8irUdXIpg==",
      "license": "MIT"
    },
    "node_modules/indicative": {
      "version": "7.4.4",
      "resolved": "https://registry.npmjs.org/indicative/-/indicative-7.4.4.tgz",
      "integrity": "sha512-vYN9jLQSQt7j9soyRQFiaIiKDz2bOtNTejcNuQFoplcTmmSFC9LKW2+M8o1WGPLRGa3XB891vFbR72DTipC2qw==",
      "license": "MIT",
      "dependencies": {
        "indicative-compiler": "^7.2.4",
        "indicative-formatters": "^7.2.4",
        "indicative-parser": "^7.1.4",
        "indicative-rules": "^7.3.1"
      }
    },
    "node_modules/indicative-compiler": {
      "version": "7.2.4",
      "resolved": "https://registry.npmjs.org/indicative-compiler/-/indicative-compiler-7.2.4.tgz",
      "integrity": "sha512-rKD3x2XHhL5BVX8VB78hWZMpofEa3LDZbHgGVJKjo8QrTJ4VLtKEugTPD9LpYIKdqLhMlXCPrfZrTQF6zPbtjw==",
      "license": "MIT",
      "dependencies": {
        "indicative-parser": "^7.1.4",
        "isobject": "^4.0.0",
        "lodash.get": "^4.4.2",
        "lodash.set": "^4.3.2",
        "pope": "^2.0.2"
      }
    },
    "node_modules/indicative-formatters": {
      "version": "7.2.4",
      "resolved": "https://registry.npmjs.org/indicative-formatters/-/indicative-formatters-7.2.4.tgz",
      "integrity": "sha512-aBWoAhmaRjQtjAEhFTJFJo23oWkRB9poF6ohB6COzTdLzUVUZffGtvb4m9WRUvzYyT+88OJn2vE82l84qL1K6A==",
      "license": "MIT"
    },
    "node_modules/indicative-parser": {
      "version": "7.1.4",
      "resolved": "https://registry.npmjs.org/indicative-parser/-/indicative-parser-7.1.4.tgz",
      "integrity": "sha512-okVq0gn576+QcZVvif+9tOilGEnq2xwADA9fR+zFsbKYsyZ/KvpQxui/XX0VJSZ4uYZ1gv4I/axxzwRb7BK1yw==",
      "license": "MIT",
      "dependencies": {
        "haye": "^2.0.2"
      }
    },
    "node_modules/indicative-rules": {
      "version": "7.3.1",
      "resolved": "https://registry.npmjs.org/indicative-rules/-/indicative-rules-7.3.1.tgz",
      "integrity": "sha512-uc74k9MqWigI2Zb6iRqRQXE5qWLvOFJp+GmGotRFQIbd0yi8ZBzyW+Y3c7Szgm7bzIoYdCj+eWpqOOjEiUv/YQ==",
      "license": "MIT",
      "dependencies": {
        "@slynova/slug": "^1.1.2",
        "date-fns": "1.30.1",
        "indicative-utils": "^7.0.4",
        "pluralize": "^8.0.0",
        "striptags": "^3.1.1",
        "validator": "^12.1.0"
      }
    },
    "node_modules/indicative-utils": {
      "version": "7.0.4",
      "resolved": "https://registry.npmjs.org/indicative-utils/-/indicative-utils-7.0.4.tgz",
      "integrity": "sha512-PQC7JsRZhiYDvdDeB/qjXFmHRimiOzm7IvoPalXByI1U8CU+/iWrPWQpwl2NajPEuIZjwZABxcc3JEt3ZJ8XeQ==",
      "license": "MIT",
      "dependencies": {
        "lodash.get": "^4.4.2"
      }
    },
    "node_modules/isobject": {
      "version": "4.1.1",
      "resolved": "https://registry.npmjs.org/isobject/-/isobject-4.1.1.tgz",
      "integrity": "sha512-aj/GPrPFTYOyroAKFtoBFazJKhem31BhIAE7LCIXJKTI9zujiwK5LWmXKU+YmOZBRsYOdmp20KSicsqpFt5FIA==",
      "license": "MIT",
      "engines": {
        "node": ">=0.10.0"
      }
    },
    "node_modules/lodash.get": {
      "version": "4.4.2",
      "resolved": "https://registry.npmjs.org/lodash.get/-/lodash.get-4.4.2.tgz",
      "integrity": "sha512-z+Uw/vLuy6gQe8cfaFWD7p0wVv8fJl3mbzXh33RS+0oW2wvUqiRXiQ69gLWSLpgB5/6sU+r6BlQR0MBILadqTQ==",
      "deprecated": "This package is deprecated. Use the optional chaining (?.) operator instead.",
      "license": "MIT"
    },
    "node_modules/lodash.kebabcase": {
      "version": "4.1.1",
      "resolved": "https://registry.npmjs.org/lodash.kebabcase/-/lodash.kebabcase-4.1.1.tgz",
      "integrity": "sha512-N8XRTIMMqqDgSy4VLKPnJ/+hpGZN+PHQiJnSenYqPaVV/NCqEogTnAdZLQiGKhxX+JCs8waWq2t1XHWKOmlY8g==",
      "license": "MIT"
    },
    "node_modules/lodash.set": {
      "version": "4.3.2",
      "resolved": "https://registry.npmjs.org/lodash.set/-/lodash.set-4.3.2.tgz",
      "integrity": "sha512-4hNPN5jlm/N/HLMCO43v8BXKq9Z7QdAGc/VGrRD61w8gN9g/6jF9A4L1pbUgBLCffi0w9VsXfTOij5x8iTyFvg==",
      "license": "MIT"
    },
    "node_modules/pluralize": {
      "version": "8.0.0",
      "resolved": "https://registry.npmjs.org/pluralize/-/pluralize-8.0.0.tgz",
      "integrity": "sha512-Nc3IT5yHzflTfbjgqWcCPpo7DaKy4FnpB0l/zCAW0Tc7jxAiuqSxHasntB3D7887LSrA93kDJ9IXovxJYxyLCA==",
      "license": "MIT",
      "engines": {
        "node": ">=4"
      }
    },
    "node_modules/pope": {
      "version": "2.0.2",
      "resolved": "https://registry.npmjs.org/pope/-/pope-2.0.2.tgz",
      "integrity": "sha512-baN7bEN2IZvjQEbm14Y+evCkKqXSshB8VrD8/DtxuDw9Qz4weg63ypT5xnd/GSoYE9X2YYIjR6Xy3wQoVc2ymg==",
      "license": "MIT"
    },
    "node_modules/striptags": {
      "version": "3.2.0",
      "resolved": "https://registry.npmjs.org/striptags/-/striptags-3.2.0.tgz",
      "integrity": "sha512-g45ZOGzHDMe2bdYMdIvdAfCQkCTDMGBazSw1ypMowwGIee7ZQ5dU0rBJ8Jqgl+jAKIv4dbeE1jscZq9wid1Tkw==",
      "license": "MIT"
    },
    "node_modules/validation-br": {
      "resolved": "../..",
      "link": true
    },
    "node_modules/validator": {
      "version": "12.2.0",
      "resolved": "https://registry.npmjs.org/validator/-/validator-12.2.0.tgz",
      "integrity": "sha512-jJfE/DW6tIK1Ek8nCfNFqt8Wb3nzMoAbocBF6/Icgg1ZFSBpObdnwVY2jQj6qUqzhx5jc71fpvBWyLGO7Xl+nQ==",
      "license": "MIT",
      "engines": {
        "node": ">= 0.10"
      }
    }
  }
}
